
Microsoft Visual Studio Solution File, Format Version 12.00
# Visual Studio Version 16
VisualStudioVersion = 16.0.31507.150
MinimumVisualStudioVersion = 10.0.40219.1
Project("{FAE04EC0-301F-11D3-BF4B-00C04F79EFBC}") = "LightImage.Collections", "LightImage.Collections\LightImage.Collections.csproj", "{04D3A888-7083-4EC0-80A9-EFE058E47B59}"
EndProject
Global
	GlobalSection(SolutionConfigurationPlatforms) = preSolution
		Debug|Any CPU = Debug|Any CPU
		Release|Any CPU = Release|Any CPU
	EndGlobalSection
	GlobalSection(ProjectConfigurationPlatforms) = postSolution
		{04D3A888-7083-4EC0-80A9-EFE058E47B59}.Debug|Any CPU.ActiveCfg = Debug|Any CPU
		{04D3A888-7083-4EC0-80A9-EFE058E47B59}.Debug|Any CPU.Build.0 = Debug|Any CPU
		{04D3A888-7083-4EC0-80A9-EFE058E47B59}.Release|Any CPU.ActiveCfg = Release|Any CPU
		{04D3A888-7083-4EC0-80A9-EFE058E47B59}.Release|Any CPU.Build.0 = Release|Any CPU
	EndGlobalSection
	GlobalSection(SolutionProperties) = preSolution
		HideSolutionNode = FALSE
	EndGlobalSection
	GlobalSection(ExtensibilityGlobals) = postSolution
		SolutionGuid = {7315A0F4-46A0-478A-BA84-DC7DF1DC2463}
	EndGlobalSection
EndGlobal
